
Microsoft Visual Studio Solution File, Format Version 12.00
# Visual Studio Version 16
VisualStudioVersion = 16.0.30204.135
MinimumVisualStudioVersion = 10.0.40219.1
Project("{9A19103F-16F7-4668-BE54-9A1E7A4F7556}") = "QuickService.LoanRepayment.API", "QuickService.LoanRepayment.API\QuickService.LoanRepayment.API.csproj", "{8676E93E-926E-49E0-8806-E3DAC4BCCDC3}"
EndProject
Project("{9A19103F-16F7-4668-BE54-9A1E7A4F7556}") = "QuickService.LoanRepayment.Core", "QuickService.LoanRepayment.Core\QuickService.LoanRepayment.Core.csproj", "{F88E37A8-6A06-4B6E-9751-0F67CD18E91D}"
EndProject
Project("{9A19103F-16F7-4668-BE54-9A1E7A4F7556}") = "QuickService.LoanRepayment.Infrastructure", "QuickService.LoanRepayment.Infrastructure\QuickService.LoanRepayment.Infrastructure.csproj", "{0FA1B8DF-A624-461F-9D4F-1A9435C1FADE}"
EndProject
Global
	GlobalSection(SolutionConfigurationPlatforms) = preSolution
		Debug|Any CPU = Debug|Any CPU
		Release|Any CPU = Release|Any CPU
	EndGlobalSection
	GlobalSection(ProjectConfigurationPlatforms) = postSolution
		{8676E93E-926E-49E0-8806-E3DAC4BCCDC3}.Debug|Any CPU.ActiveCfg = Debug|Any CPU
		{8676E93E-926E-49E0-8806-E3DAC4BCCDC3}.Debug|Any CPU.Build.0 = Debug|Any CPU
		{8676E93E-926E-49E0-8806-E3DAC4BCCDC3}.Release|Any CPU.ActiveCfg = Release|Any CPU
		{8676E93E-926E-49E0-8806-E3DAC4BCCDC3}.Release|Any CPU.Build.0 = Release|Any CPU
		{F88E37A8-6A06-4B6E-9751-0F67CD18E91D}.Debug|Any CPU.ActiveCfg = Debug|Any CPU
		{F88E37A8-6A06-4B6E-9751-0F67CD18E91D}.Debug|Any CPU.Build.0 = Debug|Any CPU
		{F88E37A8-6A06-4B6E-9751-0F67CD18E91D}.Release|Any CPU.ActiveCfg = Release|Any CPU
		{F88E37A8-6A06-4B6E-9751-0F67CD18E91D}.Release|Any CPU.Build.0 = Release|Any CPU
		{0FA1B8DF-A624-461F-9D4F-1A9435C1FADE}.Debug|Any CPU.ActiveCfg = Debug|Any CPU
		{0FA1B8DF-A624-461F-9D4F-1A9435C1FADE}.Debug|Any CPU.Build.0 = Debug|Any CPU
		{0FA1B8DF-A624-461F-9D4F-1A9435C1FADE}.Release|Any CPU.ActiveCfg = Release|Any CPU
		{0FA1B8DF-A624-461F-9D4F-1A9435C1FADE}.Release|Any CPU.Build.0 = Release|Any CPU
	EndGlobalSection
	GlobalSection(SolutionProperties) = preSolution
		HideSolutionNode = FALSE
	EndGlobalSection
	GlobalSection(ExtensibilityGlobals) = postSolution
		SolutionGuid = {02B7970C-C160-4446-9D25-FDFE3755AA22}
	EndGlobalSection
EndGlobal
